// !$*UTF8*$!
{
	archiveVersion = 1;
	classes = {
	};
	objectVersion = 46;
	objects = {

/* Begin PBXBuildFile section */
		006D720419952D00008149E2 /* AVFoundation.framework in Frameworks */ = {isa = PBXBuildFile; fileRef = 006D720219952D00008149E2 /* AVFoundation.framework */; };
		006D720519952D00008149E2 /* CoreMedia.framework in Frameworks */ = {isa = PBXBuildFile; fileRef = 006D720319952D00008149E2 /* CoreMedia.framework */; };
		0091D8F90E81B9330029341E /* OpenGL.framework in Frameworks */ = {isa = PBXBuildFile; fileRef = 0091D8F80E81B9330029341E /* OpenGL.framework */; };
		00B784B30FF439BC000DE1D7 /* Accelerate.framework in Frameworks */ = {isa = PBXBuildFile; fileRef = 00B784AF0FF439BC000DE1D7 /* Accelerate.framework */; };
		00B784B40FF439BC000DE1D7 /* AudioToolbox.framework in Frameworks */ = {isa = PBXBuildFile; fileRef = 00B784B00FF439BC000DE1D7 /* AudioToolbox.framework */; };
		00B784B50FF439BC000DE1D7 /* AudioUnit.framework in Frameworks */ = {isa = PBXBuildFile; fileRef = 00B784B10FF439BC000DE1D7 /* AudioUnit.framework */; };
		00B784B60FF439BC000DE1D7 /* CoreAudio.framework in Frameworks */ = {isa = PBXBuildFile; fileRef = 00B784B20FF439BC000DE1D7 /* CoreAudio.framework */; };
		00B9955A1B128DF400A5C623 /* IOKit.framework in Frameworks */ = {isa = PBXBuildFile; fileRef = 00B995581B128DF400A5C623 /* IOKit.framework */; };
		00B9955B1B128DF400A5C623 /* IOSurface.framework in Frameworks */ = {isa = PBXBuildFile; fileRef = 00B995591B128DF400A5C623 /* IOSurface.framework */; };
		0CD0F8B78B934833918E60D6 /* ClientInterface.cpp in Sources */ = {isa = PBXBuildFile; fileRef = 780E1341F4714C008F77E31F /* ClientInterface.cpp */; };
		1625B68C082446FAA26DCA68 /* ServerInterface.cpp in Sources */ = {isa = PBXBuildFile; fileRef = 10B0ECDFB43744AC92B50574 /* ServerInterface.cpp */; };
		356A218D8AA3493F99732626 /* DispatcherInterface.cpp in Sources */ = {isa = PBXBuildFile; fileRef = CFDEF3177511455D91E22759 /* DispatcherInterface.cpp */; };
		3E2F1465BFB74A418E1B953D /* TcpSession.cpp in Sources */ = {isa = PBXBuildFile; fileRef = 2B41C088F03C4218939F59D1 /* TcpSession.cpp */; };
		4ED6FE48EBBF480FB08A24DA /* UdpClient.cpp in Sources */ = {isa = PBXBuildFile; fileRef = 521216F1B9BD477CAC18A90F /* UdpClient.cpp */; };
		5323E6B20EAFCA74003A9687 /* CoreVideo.framework in Frameworks */ = {isa = PBXBuildFile; fileRef = 5323E6B10EAFCA74003A9687 /* CoreVideo.framework */; };
		8B0D5647FC7049C48453BEF0 /* CinderApp.icns in Resources */ = {isa = PBXBuildFile; fileRef = 4868714A27E7421BB7A5645D /* CinderApp.icns */; };
		8D11072F0486CEB800E47090 /* Cocoa.framework in Frameworks */ = {isa = PBXBuildFile; fileRef = 1058C7A1FEA54F0111CA2CBB /* Cocoa.framework */; };
		A4CF5C8ABAF346668452B290 /* SessionInterface.cpp in Sources */ = {isa = PBXBuildFile; fileRef = 2CB5F50AB9DD4D80B37976AC /* SessionInterface.cpp */; };
		AF6B1E81EFB447DD89FB0A12 /* UdpSession.cpp in Sources */ = {isa = PBXBuildFile; fileRef = E30C491C91CE444BAEA16EB9 /* UdpSession.cpp */; };
		AFAA796C797A462F808EF7F0 /* BouncingBallApp.cpp in Sources */ = {isa = PBXBuildFile; fileRef = 99D7AF66EFF14F918AC0ED7D /* BouncingBallApp.cpp */; };
		B3D7B36E1B7EBE440007C7D5 /* Client.cpp in Sources */ = {isa = PBXBuildFile; fileRef = B3D7B36B1B7EBE440007C7D5 /* Client.cpp */; };
		B3D7B36F1B7EBE440007C7D5 /* Protocol.cpp in Sources */ = {isa = PBXBuildFile; fileRef = B3D7B36C1B7EBE440007C7D5 /* Protocol.cpp */; };
		B3D7B3701B7EBE440007C7D5 /* Server.cpp in Sources */ = {isa = PBXBuildFile; fileRef = B3D7B36D1B7EBE440007C7D5 /* Server.cpp */; };
		B3D7B3731B7F4F050007C7D5 /* CinderApp.icns in Resources */ = {isa = PBXBuildFile; fileRef = 4868714A27E7421BB7A5645D /* CinderApp.icns */; };
		B3D7B3751B7F4F050007C7D5 /* BouncingBallApp.cpp in Sources */ = {isa = PBXBuildFile; fileRef = 99D7AF66EFF14F918AC0ED7D /* BouncingBallApp.cpp */; };
		B3D7B3761B7F4F050007C7D5 /* ClientInterface.cpp in Sources */ = {isa = PBXBuildFile; fileRef = 780E1341F4714C008F77E31F /* ClientInterface.cpp */; };
		B3D7B3771B7F4F050007C7D5 /* DispatcherInterface.cpp in Sources */ = {isa = PBXBuildFile; fileRef = CFDEF3177511455D91E22759 /* DispatcherInterface.cpp */; };
		B3D7B3781B7F4F050007C7D5 /* ServerInterface.cpp in Sources */ = {isa = PBXBuildFile; fileRef = 10B0ECDFB43744AC92B50574 /* ServerInterface.cpp */; };
		B3D7B3791B7F4F050007C7D5 /* Client.cpp in Sources */ = {isa = PBXBuildFile; fileRef = B3D7B36B1B7EBE440007C7D5 /* Client.cpp */; };
		B3D7B37A1B7F4F050007C7D5 /* SessionInterface.cpp in Sources */ = {isa = PBXBuildFile; fileRef = 2CB5F50AB9DD4D80B37976AC /* SessionInterface.cpp */; };
		B3D7B37B1B7F4F050007C7D5 /* TcpClient.cpp in Sources */ = {isa = PBXBuildFile; fileRef = F565D8BDE2B94B31BC13BADD /* TcpClient.cpp */; };
		B3D7B37C1B7F4F050007C7D5 /* Server.cpp in Sources */ = {isa = PBXBuildFile; fileRef = B3D7B36D1B7EBE440007C7D5 /* Server.cpp */; };
		B3D7B37D1B7F4F050007C7D5 /* TcpServer.cpp in Sources */ = {isa = PBXBuildFile; fileRef = 82A3601167BD4D3B9C89FC87 /* TcpServer.cpp */; };
		B3D7B37E1B7F4F050007C7D5 /* TcpSession.cpp in Sources */ = {isa = PBXBuildFile; fileRef = 2B41C088F03C4218939F59D1 /* TcpSession.cpp */; };
		B3D7B37F1B7F4F050007C7D5 /* UdpClient.cpp in Sources */ = {isa = PBXBuildFile; fileRef = 521216F1B9BD477CAC18A90F /* UdpClient.cpp */; };
		B3D7B3801B7F4F050007C7D5 /* UdpServer.cpp in Sources */ = {isa = PBXBuildFile; fileRef = 87640B23EFA341AEB59BC1BE /* UdpServer.cpp */; };
		B3D7B3811B7F4F050007C7D5 /* UdpSession.cpp in Sources */ = {isa = PBXBuildFile; fileRef = E30C491C91CE444BAEA16EB9 /* UdpSession.cpp */; };
		B3D7B3821B7F4F050007C7D5 /* WaitTimer.cpp in Sources */ = {isa = PBXBuildFile; fileRef = 5953E0599297487C80A29EA3 /* WaitTimer.cpp */; };
		B3D7B3831B7F4F050007C7D5 /* Protocol.cpp in Sources */ = {isa = PBXBuildFile; fileRef = B3D7B36C1B7EBE440007C7D5 /* Protocol.cpp */; };
		B3D7B3851B7F4F050007C7D5 /* AVFoundation.framework in Frameworks */ = {isa = PBXBuildFile; fileRef = 006D720219952D00008149E2 /* AVFoundation.framework */; };
		B3D7B3861B7F4F050007C7D5 /* CoreMedia.framework in Frameworks */ = {isa = PBXBuildFile; fileRef = 006D720319952D00008149E2 /* CoreMedia.framework */; };
		B3D7B3871B7F4F050007C7D5 /* Cocoa.framework in Frameworks */ = {isa = PBXBuildFile; fileRef = 1058C7A1FEA54F0111CA2CBB /* Cocoa.framework */; };
		B3D7B3881B7F4F050007C7D5 /* OpenGL.framework in Frameworks */ = {isa = PBXBuildFile; fileRef = 0091D8F80E81B9330029341E /* OpenGL.framework */; };
		B3D7B3891B7F4F050007C7D5 /* CoreVideo.framework in Frameworks */ = {isa = PBXBuildFile; fileRef = 5323E6B10EAFCA74003A9687 /* CoreVideo.framework */; };
		B3D7B38A1B7F4F050007C7D5 /* Accelerate.framework in Frameworks */ = {isa = PBXBuildFile; fileRef = 00B784AF0FF439BC000DE1D7 /* Accelerate.framework */; };
		B3D7B38B1B7F4F050007C7D5 /* AudioToolbox.framework in Frameworks */ = {isa = PBXBuildFile; fileRef = 00B784B00FF439BC000DE1D7 /* AudioToolbox.framework */; };
		B3D7B38C1B7F4F050007C7D5 /* AudioUnit.framework in Frameworks */ = {isa = PBXBuildFile; fileRef = 00B784B10FF439BC000DE1D7 /* AudioUnit.framework */; };
		B3D7B38D1B7F4F050007C7D5 /* CoreAudio.framework in Frameworks */ = {isa = PBXBuildFile; fileRef = 00B784B20FF439BC000DE1D7 /* CoreAudio.framework */; };
		B3D7B38E1B7F4F050007C7D5 /* IOKit.framework in Frameworks */ = {isa = PBXBuildFile; fileRef = 00B995581B128DF400A5C623 /* IOKit.framework */; };
		B3D7B38F1B7F4F050007C7D5 /* IOSurface.framework in Frameworks */ = {isa = PBXBuildFile; fileRef = 00B995591B128DF400A5C623 /* IOSurface.framework */; };
		B3D7B3971B7F4F100007C7D5 /* CinderApp.icns in Resources */ = {isa = PBXBuildFile; fileRef = 4868714A27E7421BB7A5645D /* CinderApp.icns */; };
		B3D7B3991B7F4F100007C7D5 /* BouncingBallApp.cpp in Sources */ = {isa = PBXBuildFile; fileRef = 99D7AF66EFF14F918AC0ED7D /* BouncingBallApp.cpp */; };
		B3D7B39A1B7F4F100007C7D5 /* ClientInterface.cpp in Sources */ = {isa = PBXBuildFile; fileRef = 780E1341F4714C008F77E31F /* ClientInterface.cpp */; };
		B3D7B39B1B7F4F100007C7D5 /* DispatcherInterface.cpp in Sources */ = {isa = PBXBuildFile; fileRef = CFDEF3177511455D91E22759 /* DispatcherInterface.cpp */; };
		B3D7B39C1B7F4F100007C7D5 /* ServerInterface.cpp in Sources */ = {isa = PBXBuildFile; fileRef = 10B0ECDFB43744AC92B50574 /* ServerInterface.cpp */; };
		B3D7B39D1B7F4F100007C7D5 /* Client.cpp in Sources */ = {isa = PBXBuildFile; fileRef = B3D7B36B1B7EBE440007C7D5 /* Client.cpp */; };
		B3D7B39E1B7F4F100007C7D5 /* SessionInterface.cpp in Sources */ = {isa = PBXBuildFile; fileRef = 2CB5F50AB9DD4D80B37976AC /* SessionInterface.cpp */; };
		B3D7B39F1B7F4F100007C7D5 /* TcpClient.cpp in Sources */ = {isa = PBXBuildFile; fileRef = F565D8BDE2B94B31BC13BADD /* TcpClient.cpp */; };
		B3D7B3A01B7F4F100007C7D5 /* Server.cpp in Sources */ = {isa = PBXBuildFile; fileRef = B3D7B36D1B7EBE440007C7D5 /* Server.cpp */; };
		B3D7B3A11B7F4F100007C7D5 /* TcpServer.cpp in Sources */ = {isa = PBXBuildFile; fileRef = 82A3601167BD4D3B9C89FC87 /* TcpServer.cpp */; };
		B3D7B3A21B7F4F100007C7D5 /* TcpSession.cpp in Sources */ = {isa = PBXBuildFile; fileRef = 2B41C088F03C4218939F59D1 /* TcpSession.cpp */; };
		B3D7B3A31B7F4F100007C7D5 /* UdpClient.cpp in Sources */ = {isa = PBXBuildFile; fileRef = 521216F1B9BD477CAC18A90F /* UdpClient.cpp */; };
		B3D7B3A41B7F4F100007C7D5 /* UdpServer.cpp in Sources */ = {isa = PBXBuildFile; fileRef = 87640B23EFA341AEB59BC1BE /* UdpServer.cpp */; };
		B3D7B3A51B7F4F100007C7D5 /* UdpSession.cpp in Sources */ = {isa = PBXBuildFile; fileRef = E30C491C91CE444BAEA16EB9 /* UdpSession.cpp */; };
		B3D7B3A61B7F4F100007C7D5 /* WaitTimer.cpp in Sources */ = {isa = PBXBuildFile; fileRef = 5953E0599297487C80A29EA3 /* WaitTimer.cpp */; };
		B3D7B3A71B7F4F100007C7D5 /* Protocol.cpp in Sources */ = {isa = PBXBuildFile; fileRef = B3D7B36C1B7EBE440007C7D5 /* Protocol.cpp */; };
		B3D7B3A91B7F4F100007C7D5 /* AVFoundation.framework in Frameworks */ = {isa = PBXBuildFile; fileRef = 006D720219952D00008149E2 /* AVFoundation.framework */; };
		B3D7B3AA1B7F4F100007C7D5 /* CoreMedia.framework in Frameworks */ = {isa = PBXBuildFile; fileRef = 006D720319952D00008149E2 /* CoreMedia.framework */; };
		B3D7B3AB1B7F4F100007C7D5 /* Cocoa.framework in Frameworks */ = {isa = PBXBuildFile; fileRef = 1058C7A1FEA54F0111CA2CBB /* Cocoa.framework */; };
		B3D7B3AC1B7F4F100007C7D5 /* OpenGL.framework in Frameworks */ = {isa = PBXBuildFile; fileRef = 0091D8F80E81B9330029341E /* OpenGL.framework */; };
		B3D7B3AD1B7F4F100007C7D5 /* CoreVideo.framework in Frameworks */ = {isa = PBXBuildFile; fileRef = 5323E6B10EAFCA74003A9687 /* CoreVideo.framework */; };
		B3D7B3AE1B7F4F100007C7D5 /* Accelerate.framework in Frameworks */ = {isa = PBXBuildFile; fileRef = 00B784AF0FF439BC000DE1D7 /* Accelerate.framework */; };
		B3D7B3AF1B7F4F100007C7D5 /* AudioToolbox.framework in Frameworks */ = {isa = PBXBuildFile; fileRef = 00B784B00FF439BC000DE1D7 /* AudioToolbox.framework */; };
		B3D7B3B01B7F4F100007C7D5 /* AudioUnit.framework in Frameworks */ = {isa = PBXBuildFile; fileRef = 00B784B10FF439BC000DE1D7 /* AudioUnit.framework */; };
		B3D7B3B11B7F4F100007C7D5 /* CoreAudio.framework in Frameworks */ = {isa = PBXBuildFile; fileRef = 00B784B20FF439BC000DE1D7 /* CoreAudio.framework */; };
		B3D7B3B21B7F4F100007C7D5 /* IOKit.framework in Frameworks */ = {isa = PBXBuildFile; fileRef = 00B995581B128DF400A5C623 /* IOKit.framework */; };
		B3D7B3B31B7F4F100007C7D5 /* IOSurface.framework in Frameworks */ = {isa = PBXBuildFile; fileRef = 00B995591B128DF400A5C623 /* IOSurface.framework */; };
		CAD8952912B5477AA81F9757 /* WaitTimer.cpp in Sources */ = {isa = PBXBuildFile; fileRef = 5953E0599297487C80A29EA3 /* WaitTimer.cpp */; };
		D1DA99BEC9D9451AA09226DC /* TcpClient.cpp in Sources */ = {isa = PBXBuildFile; fileRef = F565D8BDE2B94B31BC13BADD /* TcpClient.cpp */; };
		E47960E35B834F518390D05F /* TcpServer.cpp in Sources */ = {isa = PBXBuildFile; fileRef = 82A3601167BD4D3B9C89FC87 /* TcpServer.cpp */; };
		EFFE89399FE642FAB8DCE51B /* UdpServer.cpp in Sources */ = {isa = PBXBuildFile; fileRef = 87640B23EFA341AEB59BC1BE /* UdpServer.cpp */; };
/* End PBXBuildFile section */

/* Begin PBXFileReference section */
		006D720219952D00008149E2 /* AVFoundation.framework */ = {isa = PBXFileReference; lastKnownFileType = wrapper.framework; name = AVFoundation.framework; path = System/Library/Frameworks/AVFoundation.framework; sourceTree = SDKROOT; };
		006D720319952D00008149E2 /* CoreMedia.framework */ = {isa = PBXFileReference; lastKnownFileType = wrapper.framework; name = CoreMedia.framework; path = System/Library/Frameworks/CoreMedia.framework; sourceTree = SDKROOT; };
		0091D8F80E81B9330029341E /* OpenGL.framework */ = {isa = PBXFileReference; lastKnownFileType = wrapper.framework; name = OpenGL.framework; path = /System/Library/Frameworks/OpenGL.framework; sourceTree = "<absolute>"; };
		00B784AF0FF439BC000DE1D7 /* Accelerate.framework */ = {isa = PBXFileReference; lastKnownFileType = wrapper.framework; name = Accelerate.framework; path = System/Library/Frameworks/Accelerate.framework; sourceTree = SDKROOT; };
		00B784B00FF439BC000DE1D7 /* AudioToolbox.framework */ = {isa = PBXFileReference; lastKnownFileType = wrapper.framework; name = AudioToolbox.framework; path = System/Library/Frameworks/AudioToolbox.framework; sourceTree = SDKROOT; };
		00B784B10FF439BC000DE1D7 /* AudioUnit.framework */ = {isa = PBXFileReference; lastKnownFileType = wrapper.framework; name = AudioUnit.framework; path = System/Library/Frameworks/AudioUnit.framework; sourceTree = SDKROOT; };
		00B784B20FF439BC000DE1D7 /* CoreAudio.framework */ = {isa = PBXFileReference; lastKnownFileType = wrapper.framework; name = CoreAudio.framework; path = System/Library/Frameworks/CoreAudio.framework; sourceTree = SDKROOT; };
		00B995581B128DF400A5C623 /* IOKit.framework */ = {isa = PBXFileReference; lastKnownFileType = wrapper.framework; name = IOKit.framework; path = System/Library/Frameworks/IOKit.framework; sourceTree = SDKROOT; };
		00B995591B128DF400A5C623 /* IOSurface.framework */ = {isa = PBXFileReference; lastKnownFileType = wrapper.framework; name = IOSurface.framework; path = System/Library/Frameworks/IOSurface.framework; sourceTree = SDKROOT; };
		022CF1F81B504DBCB7B1D1C1 /* ServerEventHandlerInterface.h */ = {isa = PBXFileReference; lastKnownFileType = sourcecode.c.h; name = ServerEventHandlerInterface.h; path = "../../../../Cinder-Asio/src/ServerEventHandlerInterface.h"; sourceTree = "<group>"; };
		094B01E426384C1989BD5AFA /* TcpSession.h */ = {isa = PBXFileReference; lastKnownFileType = sourcecode.c.h; name = TcpSession.h; path = "../../../../Cinder-Asio/src/TcpSession.h"; sourceTree = "<group>"; };
		0A80FDD36F334C5BAC1CFFBE /* TcpServer.h */ = {isa = PBXFileReference; lastKnownFileType = sourcecode.c.h; name = TcpServer.h; path = "../../../../Cinder-Asio/src/TcpServer.h"; sourceTree = "<group>"; };
		1058C7A1FEA54F0111CA2CBB /* Cocoa.framework */ = {isa = PBXFileReference; lastKnownFileType = wrapper.framework; name = Cocoa.framework; path = /System/Library/Frameworks/Cocoa.framework; sourceTree = "<absolute>"; };
		10B0ECDFB43744AC92B50574 /* ServerInterface.cpp */ = {isa = PBXFileReference; lastKnownFileType = sourcecode.c.cpp; name = ServerInterface.cpp; path = "../../../../Cinder-Asio/src/ServerInterface.cpp"; sourceTree = "<group>"; };
		12D7F726E03D435AAB3475C2 /* ClientEventHandlerInterface.h */ = {isa = PBXFileReference; lastKnownFileType = sourcecode.c.h; name = ClientEventHandlerInterface.h; path = "../../../../Cinder-Asio/src/ClientEventHandlerInterface.h"; sourceTree = "<group>"; };
		1BE5136888444840AFC811A5 /* UdpClient.h */ = {isa = PBXFileReference; lastKnownFileType = sourcecode.c.h; name = UdpClient.h; path = "../../../../Cinder-Asio/src/UdpClient.h"; sourceTree = "<group>"; };
		24D733C09207487D9BC19191 /* TcpServerEventHandlerInterface.h */ = {isa = PBXFileReference; lastKnownFileType = sourcecode.c.h; name = TcpServerEventHandlerInterface.h; path = "../../../../Cinder-Asio/src/TcpServerEventHandlerInterface.h"; sourceTree = "<group>"; };
		29B97324FDCFA39411CA2CEA /* AppKit.framework */ = {isa = PBXFileReference; lastKnownFileType = wrapper.framework; name = AppKit.framework; path = /System/Library/Frameworks/AppKit.framework; sourceTree = "<absolute>"; };
		29B97325FDCFA39411CA2CEA /* Foundation.framework */ = {isa = PBXFileReference; lastKnownFileType = wrapper.framework; name = Foundation.framework; path = /System/Library/Frameworks/Foundation.framework; sourceTree = "<absolute>"; };
		2B41C088F03C4218939F59D1 /* TcpSession.cpp */ = {isa = PBXFileReference; lastKnownFileType = sourcecode.c.cpp; name = TcpSession.cpp; path = "../../../../Cinder-Asio/src/TcpSession.cpp"; sourceTree = "<group>"; };
		2CB5F50AB9DD4D80B37976AC /* SessionInterface.cpp */ = {isa = PBXFileReference; lastKnownFileType = sourcecode.c.cpp; name = SessionInterface.cpp; path = "../../../../Cinder-Asio/src/SessionInterface.cpp"; sourceTree = "<group>"; };
		2E265A1E9BAF489DA72C14AF /* UdpServerEventHandlerInterface.h */ = {isa = PBXFileReference; lastKnownFileType = sourcecode.c.h; name = UdpServerEventHandlerInterface.h; path = "../../../../Cinder-Asio/src/UdpServerEventHandlerInterface.h"; sourceTree = "<group>"; };
		3AA5855FE8394EF79541CDA1 /* ClientInterface.h */ = {isa = PBXFileReference; lastKnownFileType = sourcecode.c.h; name = ClientInterface.h; path = "../../../../Cinder-Asio/src/ClientInterface.h"; sourceTree = "<group>"; };
		45DAFE1E064C4E7986A77463 /* UdpClientEventHandlerInterface.h */ = {isa = PBXFileReference; lastKnownFileType = sourcecode.c.h; name = UdpClientEventHandlerInterface.h; path = "../../../../Cinder-Asio/src/UdpClientEventHandlerInterface.h"; sourceTree = "<group>"; };
		4868714A27E7421BB7A5645D /* CinderApp.icns */ = {isa = PBXFileReference; lastKnownFileType = image.icns; name = CinderApp.icns; path = ../resources/CinderApp.icns; sourceTree = "<group>"; };
		521216F1B9BD477CAC18A90F /* UdpClient.cpp */ = {isa = PBXFileReference; lastKnownFileType = sourcecode.c.cpp; name = UdpClient.cpp; path = "../../../../Cinder-Asio/src/UdpClient.cpp"; sourceTree = "<group>"; };
		5323E6B10EAFCA74003A9687 /* CoreVideo.framework */ = {isa = PBXFileReference; lastKnownFileType = wrapper.framework; name = CoreVideo.framework; path = /System/Library/Frameworks/CoreVideo.framework; sourceTree = "<absolute>"; };
		5953E0599297487C80A29EA3 /* WaitTimer.cpp */ = {isa = PBXFileReference; lastKnownFileType = sourcecode.c.cpp; name = WaitTimer.cpp; path = "../../../../Cinder-Asio/src/WaitTimer.cpp"; sourceTree = "<group>"; };
		5B459BEB9FAC4119B7F113B6 /* UdpSessionEventHandlerInterface.h */ = {isa = PBXFileReference; lastKnownFileType = sourcecode.c.h; name = UdpSessionEventHandlerInterface.h; path = "../../../../Cinder-Asio/src/UdpSessionEventHandlerInterface.h"; sourceTree = "<group>"; };
		6879094CB3E740B88F04F9E5 /* DispatcherEventHandlerInterface.h */ = {isa = PBXFileReference; lastKnownFileType = sourcecode.c.h; name = DispatcherEventHandlerInterface.h; path = "../../../../Cinder-Asio/src/DispatcherEventHandlerInterface.h"; sourceTree = "<group>"; };
		6A521251130F405694BB94A7 /* WaitTimerEventHandlerInterface.h */ = {isa = PBXFileReference; lastKnownFileType = sourcecode.c.h; name = WaitTimerEventHandlerInterface.h; path = "../../../../Cinder-Asio/src/WaitTimerEventHandlerInterface.h"; sourceTree = "<group>"; };
		780E1341F4714C008F77E31F /* ClientInterface.cpp */ = {isa = PBXFileReference; lastKnownFileType = sourcecode.c.cpp; name = ClientInterface.cpp; path = "../../../../Cinder-Asio/src/ClientInterface.cpp"; sourceTree = "<group>"; };
		7A46865193414F9DA7145EE1 /* SessionInterface.h */ = {isa = PBXFileReference; lastKnownFileType = sourcecode.c.h; name = SessionInterface.h; path = "../../../../Cinder-Asio/src/SessionInterface.h"; sourceTree = "<group>"; };
		803A822209B84501920055E4 /* BouncingBall_Prefix.pch */ = {isa = PBXFileReference; lastKnownFileType = "\"\""; path = BouncingBall_Prefix.pch; sourceTree = "<group>"; };
		82A3601167BD4D3B9C89FC87 /* TcpServer.cpp */ = {isa = PBXFileReference; lastKnownFileType = sourcecode.c.cpp; name = TcpServer.cpp; path = "../../../../Cinder-Asio/src/TcpServer.cpp"; sourceTree = "<group>"; };
		87640B23EFA341AEB59BC1BE /* UdpServer.cpp */ = {isa = PBXFileReference; lastKnownFileType = sourcecode.c.cpp; name = UdpServer.cpp; path = "../../../../Cinder-Asio/src/UdpServer.cpp"; sourceTree = "<group>"; };
		8D1107320486CEB800E47090 /* BouncingBall.app */ = {isa = PBXFileReference; explicitFileType = wrapper.application; includeInIndex = 0; path = BouncingBall.app; sourceTree = BUILT_PRODUCTS_DIR; };
		926FA5F05CE94C65B9F75D45 /* CinderAsio.h */ = {isa = PBXFileReference; lastKnownFileType = sourcecode.c.h; name = CinderAsio.h; path = "../../../../Cinder-Asio/src/CinderAsio.h"; sourceTree = "<group>"; };
		9284C6BDED85437BB3E24DB1 /* Info.plist */ = {isa = PBXFileReference; lastKnownFileType = text.plist.xml; path = Info.plist; sourceTree = "<group>"; };
		94479823D28443D487D22F5A /* UdpSession.h */ = {isa = PBXFileReference; lastKnownFileType = sourcecode.c.h; name = UdpSession.h; path = "../../../../Cinder-Asio/src/UdpSession.h"; sourceTree = "<group>"; };
		99D7AF66EFF14F918AC0ED7D /* BouncingBallApp.cpp */ = {isa = PBXFileReference; lastKnownFileType = sourcecode.c.cpp; name = BouncingBallApp.cpp; path = ../src/BouncingBallApp.cpp; sourceTree = "<group>"; };
		A28A168BABEE456686A5587F /* TcpClientEventHandlerInterface.h */ = {isa = PBXFileReference; lastKnownFileType = sourcecode.c.h; name = TcpClientEventHandlerInterface.h; path = "../../../../Cinder-Asio/src/TcpClientEventHandlerInterface.h"; sourceTree = "<group>"; };
		B0D48182BCC44776B7E5911A /* DispatcherInterface.h */ = {isa = PBXFileReference; lastKnownFileType = sourcecode.c.h; name = DispatcherInterface.h; path = "../../../../Cinder-Asio/src/DispatcherInterface.h"; sourceTree = "<group>"; };
		B3C8DEAA6FD64872BF60B6AF /* ServerInterface.h */ = {isa = PBXFileReference; lastKnownFileType = sourcecode.c.h; name = ServerInterface.h; path = "../../../../Cinder-Asio/src/ServerInterface.h"; sourceTree = "<group>"; };
		B3D7B3641B7EBE440007C7D5 /* Client.h */ = {isa = PBXFileReference; fileEncoding = 4; lastKnownFileType = sourcecode.c.h; path = Client.h; sourceTree = "<group>"; };
		B3D7B3651B7EBE440007C7D5 /* ClientBase.hpp */ = {isa = PBXFileReference; fileEncoding = 4; lastKnownFileType = sourcecode.cpp.h; path = ClientBase.hpp; sourceTree = "<group>"; };
		B3D7B3661B7EBE440007C7D5 /* MessageHandler.hpp */ = {isa = PBXFileReference; fileEncoding = 4; lastKnownFileType = sourcecode.cpp.h; path = MessageHandler.hpp; sourceTree = "<group>"; };
		B3D7B3671B7EBE440007C7D5 /* Protocol.h */ = {isa = PBXFileReference; fileEncoding = 4; lastKnownFileType = sourcecode.c.h; path = Protocol.h; sourceTree = "<group>"; };
		B3D7B3681B7EBE440007C7D5 /* Server.h */ = {isa = PBXFileReference; fileEncoding = 4; lastKnownFileType = sourcecode.c.h; path = Server.h; sourceTree = "<group>"; };
		B3D7B3691B7EBE440007C7D5 /* ServerBase.hpp */ = {isa = PBXFileReference; fileEncoding = 4; lastKnownFileType = sourcecode.cpp.h; path = ServerBase.hpp; sourceTree = "<group>"; };
		B3D7B36B1B7EBE440007C7D5 /* Client.cpp */ = {isa = PBXFileReference; fileEncoding = 4; lastKnownFileType = sourcecode.cpp.cpp; path = Client.cpp; sourceTree = "<group>"; };
		B3D7B36C1B7EBE440007C7D5 /* Protocol.cpp */ = {isa = PBXFileReference; fileEncoding = 4; lastKnownFileType = sourcecode.cpp.cpp; path = Protocol.cpp; sourceTree = "<group>"; };
		B3D7B36D1B7EBE440007C7D5 /* Server.cpp */ = {isa = PBXFileReference; fileEncoding = 4; lastKnownFileType = sourcecode.cpp.cpp; path = Server.cpp; sourceTree = "<group>"; };
		B3D7B3931B7F4F050007C7D5 /* BouncingBall0 copy.app */ = {isa = PBXFileReference; explicitFileType = wrapper.application; includeInIndex = 0; path = "BouncingBall0 copy.app"; sourceTree = BUILT_PRODUCTS_DIR; };
		B3D7B3941B7F4F050007C7D5 /* BouncingBall0 copy-Info.plist */ = {isa = PBXFileReference; lastKnownFileType = text.plist.xml; name = "BouncingBall0 copy-Info.plist"; path = "/Users/ryanbartley/Documents/clean_cinder/blocks/Cinder-MPE/samples/BouncingBall/xcode/BouncingBall0 copy-Info.plist"; sourceTree = "<absolute>"; };
		B3D7B3B71B7F4F100007C7D5 /* BouncingBall1 copy.app */ = {isa = PBXFileReference; explicitFileType = wrapper.application; includeInIndex = 0; path = "BouncingBall1 copy.app"; sourceTree = BUILT_PRODUCTS_DIR; };
		B3D7B3B81B7F4F110007C7D5 /* BouncingBall1 copy-Info.plist */ = {isa = PBXFileReference; lastKnownFileType = text.plist.xml; name = "BouncingBall1 copy-Info.plist"; path = "/Users/ryanbartley/Documents/clean_cinder/blocks/Cinder-MPE/samples/BouncingBall/xcode/BouncingBall1 copy-Info.plist"; sourceTree = "<absolute>"; };
		C00622568EE248EE81D8A1E9 /* TcpClient.h */ = {isa = PBXFileReference; lastKnownFileType = sourcecode.c.h; name = TcpClient.h; path = "../../../../Cinder-Asio/src/TcpClient.h"; sourceTree = "<group>"; };
		C521E54520A548719CDDFAF2 /* UdpServer.h */ = {isa = PBXFileReference; lastKnownFileType = sourcecode.c.h; name = UdpServer.h; path = "../../../../Cinder-Asio/src/UdpServer.h"; sourceTree = "<group>"; };
		CFDEF3177511455D91E22759 /* DispatcherInterface.cpp */ = {isa = PBXFileReference; lastKnownFileType = sourcecode.c.cpp; name = DispatcherInterface.cpp; path = "../../../../Cinder-Asio/src/DispatcherInterface.cpp"; sourceTree = "<group>"; };
		D04B12DE3F114A27989BE7CB /* SessionEventHandlerInterface.h */ = {isa = PBXFileReference; lastKnownFileType = sourcecode.c.h; name = SessionEventHandlerInterface.h; path = "../../../../Cinder-Asio/src/SessionEventHandlerInterface.h"; sourceTree = "<group>"; };
		D79D2A7D99D647F49CFE777C /* TcpSessionEventHandlerInterface.h */ = {isa = PBXFileReference; lastKnownFileType = sourcecode.c.h; name = TcpSessionEventHandlerInterface.h; path = "../../../../Cinder-Asio/src/TcpSessionEventHandlerInterface.h"; sourceTree = "<group>"; };
		E0A7D4A661AF4D5682AB3623 /* WaitTimer.h */ = {isa = PBXFileReference; lastKnownFileType = sourcecode.c.h; name = WaitTimer.h; path = "../../../../Cinder-Asio/src/WaitTimer.h"; sourceTree = "<group>"; };
		E30C491C91CE444BAEA16EB9 /* UdpSession.cpp */ = {isa = PBXFileReference; lastKnownFileType = sourcecode.c.cpp; name = UdpSession.cpp; path = "../../../../Cinder-Asio/src/UdpSession.cpp"; sourceTree = "<group>"; };
		F0645C1A922E4E8B816D6A1A /* Resources.h */ = {isa = PBXFileReference; lastKnownFileType = sourcecode.c.h; name = Resources.h; path = ../include/Resources.h; sourceTree = "<group>"; };
		F565D8BDE2B94B31BC13BADD /* TcpClient.cpp */ = {isa = PBXFileReference; lastKnownFileType = sourcecode.c.cpp; name = TcpClient.cpp; path = "../../../../Cinder-Asio/src/TcpClient.cpp"; sourceTree = "<group>"; };
/* End PBXFileReference section */

/* Begin PBXFrameworksBuildPhase section */
		8D11072E0486CEB800E47090 /* Frameworks */ = {
			isa = PBXFrameworksBuildPhase;
			buildActionMask = 2147483647;
			files = (
				006D720419952D00008149E2 /* AVFoundation.framework in Frameworks */,
				006D720519952D00008149E2 /* CoreMedia.framework in Frameworks */,
				8D11072F0486CEB800E47090 /* Cocoa.framework in Frameworks */,
				0091D8F90E81B9330029341E /* OpenGL.framework in Frameworks */,
				5323E6B20EAFCA74003A9687 /* CoreVideo.framework in Frameworks */,
				00B784B30FF439BC000DE1D7 /* Accelerate.framework in Frameworks */,
				00B784B40FF439BC000DE1D7 /* AudioToolbox.framework in Frameworks */,
				00B784B50FF439BC000DE1D7 /* AudioUnit.framework in Frameworks */,
				00B784B60FF439BC000DE1D7 /* CoreAudio.framework in Frameworks */,
				00B9955A1B128DF400A5C623 /* IOKit.framework in Frameworks */,
				00B9955B1B128DF400A5C623 /* IOSurface.framework in Frameworks */,
			);
			runOnlyForDeploymentPostprocessing = 0;
		};
		B3D7B3841B7F4F050007C7D5 /* Frameworks */ = {
			isa = PBXFrameworksBuildPhase;
			buildActionMask = 2147483647;
			files = (
				B3D7B3851B7F4F050007C7D5 /* AVFoundation.framework in Frameworks */,
				B3D7B3861B7F4F050007C7D5 /* CoreMedia.framework in Frameworks */,
				B3D7B3871B7F4F050007C7D5 /* Cocoa.framework in Frameworks */,
				B3D7B3881B7F4F050007C7D5 /* OpenGL.framework in Frameworks */,
				B3D7B3891B7F4F050007C7D5 /* CoreVideo.framework in Frameworks */,
				B3D7B38A1B7F4F050007C7D5 /* Accelerate.framework in Frameworks */,
				B3D7B38B1B7F4F050007C7D5 /* AudioToolbox.framework in Frameworks */,
				B3D7B38C1B7F4F050007C7D5 /* AudioUnit.framework in Frameworks */,
				B3D7B38D1B7F4F050007C7D5 /* CoreAudio.framework in Frameworks */,
				B3D7B38E1B7F4F050007C7D5 /* IOKit.framework in Frameworks */,
				B3D7B38F1B7F4F050007C7D5 /* IOSurface.framework in Frameworks */,
			);
			runOnlyForDeploymentPostprocessing = 0;
		};
		B3D7B3A81B7F4F100007C7D5 /* Frameworks */ = {
			isa = PBXFrameworksBuildPhase;
			buildActionMask = 2147483647;
			files = (
				B3D7B3A91B7F4F100007C7D5 /* AVFoundation.framework in Frameworks */,
				B3D7B3AA1B7F4F100007C7D5 /* CoreMedia.framework in Frameworks */,
				B3D7B3AB1B7F4F100007C7D5 /* Cocoa.framework in Frameworks */,
				B3D7B3AC1B7F4F100007C7D5 /* OpenGL.framework in Frameworks */,
				B3D7B3AD1B7F4F100007C7D5 /* CoreVideo.framework in Frameworks */,
				B3D7B3AE1B7F4F100007C7D5 /* Accelerate.framework in Frameworks */,
				B3D7B3AF1B7F4F100007C7D5 /* AudioToolbox.framework in Frameworks */,
				B3D7B3B01B7F4F100007C7D5 /* AudioUnit.framework in Frameworks */,
				B3D7B3B11B7F4F100007C7D5 /* CoreAudio.framework in Frameworks */,
				B3D7B3B21B7F4F100007C7D5 /* IOKit.framework in Frameworks */,
				B3D7B3B31B7F4F100007C7D5 /* IOSurface.framework in Frameworks */,
			);
			runOnlyForDeploymentPostprocessing = 0;
		};
/* End PBXFrameworksBuildPhase section */

/* Begin PBXGroup section */
		01B97315FEAEA392516A2CEA /* Blocks */ = {
			isa = PBXGroup;
			children = (
				B3D7B3621B7EBE2E0007C7D5 /* Cinder-MPE */,
				AAE3750C0C4D4974B4F10F89 /* Asio */,
			);
			name = Blocks;
			sourceTree = "<group>";
		};
		080E96DDFE201D6D7F000001 /* Source */ = {
			isa = PBXGroup;
			children = (
				99D7AF66EFF14F918AC0ED7D /* BouncingBallApp.cpp */,
			);
			name = Source;
			sourceTree = "<group>";
		};
		1058C7A0FEA54F0111CA2CBB /* Linked Frameworks */ = {
			isa = PBXGroup;
			children = (
				006D720219952D00008149E2 /* AVFoundation.framework */,
				006D720319952D00008149E2 /* CoreMedia.framework */,
				00B784AF0FF439BC000DE1D7 /* Accelerate.framework */,
				00B784B00FF439BC000DE1D7 /* AudioToolbox.framework */,
				00B784B10FF439BC000DE1D7 /* AudioUnit.framework */,
				00B784B20FF439BC000DE1D7 /* CoreAudio.framework */,
				5323E6B10EAFCA74003A9687 /* CoreVideo.framework */,
				0091D8F80E81B9330029341E /* OpenGL.framework */,
				1058C7A1FEA54F0111CA2CBB /* Cocoa.framework */,
				00B995581B128DF400A5C623 /* IOKit.framework */,
				00B995591B128DF400A5C623 /* IOSurface.framework */,
			);
			name = "Linked Frameworks";
			sourceTree = "<group>";
		};
		1058C7A2FEA54F0111CA2CBB /* Other Frameworks */ = {
			isa = PBXGroup;
			children = (
				29B97324FDCFA39411CA2CEA /* AppKit.framework */,
				29B97325FDCFA39411CA2CEA /* Foundation.framework */,
			);
			name = "Other Frameworks";
			sourceTree = "<group>";
		};
		19C28FACFE9D520D11CA2CBB /* Products */ = {
			isa = PBXGroup;
			children = (
				8D1107320486CEB800E47090 /* BouncingBall.app */,
				B3D7B3931B7F4F050007C7D5 /* BouncingBall0 copy.app */,
				B3D7B3B71B7F4F100007C7D5 /* BouncingBall1 copy.app */,
			);
			name = Products;
			sourceTree = "<group>";
		};
		29B97314FDCFA39411CA2CEA /* BouncingBall */ = {
			isa = PBXGroup;
			children = (
				01B97315FEAEA392516A2CEA /* Blocks */,
				29B97315FDCFA39411CA2CEA /* Headers */,
				080E96DDFE201D6D7F000001 /* Source */,
				29B97317FDCFA39411CA2CEA /* Resources */,
				29B97323FDCFA39411CA2CEA /* Frameworks */,
				19C28FACFE9D520D11CA2CBB /* Products */,
				B3D7B3941B7F4F050007C7D5 /* BouncingBall0 copy-Info.plist */,
				B3D7B3B81B7F4F110007C7D5 /* BouncingBall1 copy-Info.plist */,
			);
			name = BouncingBall;
			sourceTree = "<group>";
		};
		29B97315FDCFA39411CA2CEA /* Headers */ = {
			isa = PBXGroup;
			children = (
				F0645C1A922E4E8B816D6A1A /* Resources.h */,
				803A822209B84501920055E4 /* BouncingBall_Prefix.pch */,
			);
			name = Headers;
			sourceTree = "<group>";
		};
		29B97317FDCFA39411CA2CEA /* Resources */ = {
			isa = PBXGroup;
			children = (
				4868714A27E7421BB7A5645D /* CinderApp.icns */,
				9284C6BDED85437BB3E24DB1 /* Info.plist */,
			);
			name = Resources;
			sourceTree = "<group>";
		};
		29B97323FDCFA39411CA2CEA /* Frameworks */ = {
			isa = PBXGroup;
			children = (
				1058C7A0FEA54F0111CA2CBB /* Linked Frameworks */,
				1058C7A2FEA54F0111CA2CBB /* Other Frameworks */,
			);
			name = Frameworks;
			sourceTree = "<group>";
		};
		5E918E4C1F6E48A2A136DF60 /* src */ = {
			isa = PBXGroup;
			children = (
				780E1341F4714C008F77E31F /* ClientInterface.cpp */,
				CFDEF3177511455D91E22759 /* DispatcherInterface.cpp */,
				10B0ECDFB43744AC92B50574 /* ServerInterface.cpp */,
				2CB5F50AB9DD4D80B37976AC /* SessionInterface.cpp */,
				F565D8BDE2B94B31BC13BADD /* TcpClient.cpp */,
				82A3601167BD4D3B9C89FC87 /* TcpServer.cpp */,
				2B41C088F03C4218939F59D1 /* TcpSession.cpp */,
				521216F1B9BD477CAC18A90F /* UdpClient.cpp */,
				87640B23EFA341AEB59BC1BE /* UdpServer.cpp */,
				E30C491C91CE444BAEA16EB9 /* UdpSession.cpp */,
				5953E0599297487C80A29EA3 /* WaitTimer.cpp */,
				926FA5F05CE94C65B9F75D45 /* CinderAsio.h */,
				12D7F726E03D435AAB3475C2 /* ClientEventHandlerInterface.h */,
				3AA5855FE8394EF79541CDA1 /* ClientInterface.h */,
				6879094CB3E740B88F04F9E5 /* DispatcherEventHandlerInterface.h */,
				B0D48182BCC44776B7E5911A /* DispatcherInterface.h */,
				022CF1F81B504DBCB7B1D1C1 /* ServerEventHandlerInterface.h */,
				B3C8DEAA6FD64872BF60B6AF /* ServerInterface.h */,
				D04B12DE3F114A27989BE7CB /* SessionEventHandlerInterface.h */,
				7A46865193414F9DA7145EE1 /* SessionInterface.h */,
				C00622568EE248EE81D8A1E9 /* TcpClient.h */,
				A28A168BABEE456686A5587F /* TcpClientEventHandlerInterface.h */,
				0A80FDD36F334C5BAC1CFFBE /* TcpServer.h */,
				24D733C09207487D9BC19191 /* TcpServerEventHandlerInterface.h */,
				094B01E426384C1989BD5AFA /* TcpSession.h */,
				D79D2A7D99D647F49CFE777C /* TcpSessionEventHandlerInterface.h */,
				1BE5136888444840AFC811A5 /* UdpClient.h */,
				45DAFE1E064C4E7986A77463 /* UdpClientEventHandlerInterface.h */,
				C521E54520A548719CDDFAF2 /* UdpServer.h */,
				2E265A1E9BAF489DA72C14AF /* UdpServerEventHandlerInterface.h */,
				94479823D28443D487D22F5A /* UdpSession.h */,
				5B459BEB9FAC4119B7F113B6 /* UdpSessionEventHandlerInterface.h */,
				E0A7D4A661AF4D5682AB3623 /* WaitTimer.h */,
				6A521251130F405694BB94A7 /* WaitTimerEventHandlerInterface.h */,
			);
			name = src;
			sourceTree = "<group>";
		};
		AAE3750C0C4D4974B4F10F89 /* Asio */ = {
			isa = PBXGroup;
			children = (
				5E918E4C1F6E48A2A136DF60 /* src */,
			);
			name = Asio;
			sourceTree = "<group>";
		};
		B3D7B3621B7EBE2E0007C7D5 /* Cinder-MPE */ = {
			isa = PBXGroup;
			children = (
				B3D7B3631B7EBE440007C7D5 /* include */,
				B3D7B36A1B7EBE440007C7D5 /* src */,
			);
			name = "Cinder-MPE";
			sourceTree = "<group>";
		};
		B3D7B3631B7EBE440007C7D5 /* include */ = {
			isa = PBXGroup;
			children = (
				B3D7B3641B7EBE440007C7D5 /* Client.h */,
				B3D7B3651B7EBE440007C7D5 /* ClientBase.hpp */,
				B3D7B3661B7EBE440007C7D5 /* MessageHandler.hpp */,
				B3D7B3671B7EBE440007C7D5 /* Protocol.h */,
				B3D7B3681B7EBE440007C7D5 /* Server.h */,
				B3D7B3691B7EBE440007C7D5 /* ServerBase.hpp */,
			);
			name = include;
			path = ../../../include;
			sourceTree = "<group>";
		};
		B3D7B36A1B7EBE440007C7D5 /* src */ = {
			isa = PBXGroup;
			children = (
				B3D7B36B1B7EBE440007C7D5 /* Client.cpp */,
				B3D7B36C1B7EBE440007C7D5 /* Protocol.cpp */,
				B3D7B36D1B7EBE440007C7D5 /* Server.cpp */,
			);
			name = src;
			path = ../../../src;
			sourceTree = "<group>";
		};
/* End PBXGroup section */

/* Begin PBXNativeTarget section */
		8D1107260486CEB800E47090 /* BouncingBall0 */ = {
			isa = PBXNativeTarget;
			buildConfigurationList = C01FCF4A08A954540054247B /* Build configuration list for PBXNativeTarget "BouncingBall0" */;
			buildPhases = (
				8D1107290486CEB800E47090 /* Resources */,
				8D11072C0486CEB800E47090 /* Sources */,
				8D11072E0486CEB800E47090 /* Frameworks */,
			);
			buildRules = (
			);
			dependencies = (
			);
			name = BouncingBall0;
			productInstallPath = "$(HOME)/Applications";
			productName = BouncingBall;
			productReference = 8D1107320486CEB800E47090 /* BouncingBall.app */;
			productType = "com.apple.product-type.application";
		};
		B3D7B3711B7F4F050007C7D5 /* BouncingBall1 */ = {
			isa = PBXNativeTarget;
			buildConfigurationList = B3D7B3901B7F4F050007C7D5 /* Build configuration list for PBXNativeTarget "BouncingBall1" */;
			buildPhases = (
				B3D7B3721B7F4F050007C7D5 /* Resources */,
				B3D7B3741B7F4F050007C7D5 /* Sources */,
				B3D7B3841B7F4F050007C7D5 /* Frameworks */,
			);
			buildRules = (
			);
			dependencies = (
			);
			name = BouncingBall1;
			productInstallPath = "$(HOME)/Applications";
			productName = BouncingBall;
			productReference = B3D7B3931B7F4F050007C7D5 /* BouncingBall0 copy.app */;
			productType = "com.apple.product-type.application";
		};
		B3D7B3951B7F4F100007C7D5 /* BouncingBall2 */ = {
			isa = PBXNativeTarget;
			buildConfigurationList = B3D7B3B41B7F4F100007C7D5 /* Build configuration list for PBXNativeTarget "BouncingBall2" */;
			buildPhases = (
				B3D7B3961B7F4F100007C7D5 /* Resources */,
				B3D7B3981B7F4F100007C7D5 /* Sources */,
				B3D7B3A81B7F4F100007C7D5 /* Frameworks */,
			);
			buildRules = (
			);
			dependencies = (
			);
			name = BouncingBall2;
			productInstallPath = "$(HOME)/Applications";
			productName = BouncingBall;
			productReference = B3D7B3B71B7F4F100007C7D5 /* BouncingBall1 copy.app */;
			productType = "com.apple.product-type.application";
		};
/* End PBXNativeTarget section */

/* Begin PBXProject section */
		29B97313FDCFA39411CA2CEA /* Project object */ = {
			isa = PBXProject;
			attributes = {
			};
			buildConfigurationList = C01FCF4E08A954540054247B /* Build configuration list for PBXProject "BouncingBall" */;
			compatibilityVersion = "Xcode 3.2";
			developmentRegion = English;
			hasScannedForEncodings = 1;
			knownRegions = (
				English,
				Japanese,
				French,
				German,
			);
			mainGroup = 29B97314FDCFA39411CA2CEA /* BouncingBall */;
			projectDirPath = "";
			projectRoot = "";
			targets = (
				8D1107260486CEB800E47090 /* BouncingBall0 */,
				B3D7B3711B7F4F050007C7D5 /* BouncingBall1 */,
				B3D7B3951B7F4F100007C7D5 /* BouncingBall2 */,
			);
		};
/* End PBXProject section */

/* Begin PBXResourcesBuildPhase section */
		8D1107290486CEB800E47090 /* Resources */ = {
			isa = PBXResourcesBuildPhase;
			buildActionMask = 2147483647;
			files = (
				8B0D5647FC7049C48453BEF0 /* CinderApp.icns in Resources */,
			);
			runOnlyForDeploymentPostprocessing = 0;
		};
		B3D7B3721B7F4F050007C7D5 /* Resources */ = {
			isa = PBXResourcesBuildPhase;
			buildActionMask = 2147483647;
			files = (
				B3D7B3731B7F4F050007C7D5 /* CinderApp.icns in Resources */,
			);
			runOnlyForDeploymentPostprocessing = 0;
		};
		B3D7B3961B7F4F100007C7D5 /* Resources */ = {
			isa = PBXResourcesBuildPhase;
			buildActionMask = 2147483647;
			files = (
				B3D7B3971B7F4F100007C7D5 /* CinderApp.icns in Resources */,
			);
			runOnlyForDeploymentPostprocessing = 0;
		};
/* End PBXResourcesBuildPhase section */

/* Begin PBXSourcesBuildPhase section */
		8D11072C0486CEB800E47090 /* Sources */ = {
			isa = PBXSourcesBuildPhase;
			buildActionMask = 2147483647;
			files = (
				AFAA796C797A462F808EF7F0 /* BouncingBallApp.cpp in Sources */,
				0CD0F8B78B934833918E60D6 /* ClientInterface.cpp in Sources */,
				356A218D8AA3493F99732626 /* DispatcherInterface.cpp in Sources */,
				1625B68C082446FAA26DCA68 /* ServerInterface.cpp in Sources */,
				B3D7B36E1B7EBE440007C7D5 /* Client.cpp in Sources */,
				A4CF5C8ABAF346668452B290 /* SessionInterface.cpp in Sources */,
				D1DA99BEC9D9451AA09226DC /* TcpClient.cpp in Sources */,
				B3D7B3701B7EBE440007C7D5 /* Server.cpp in Sources */,
				E47960E35B834F518390D05F /* TcpServer.cpp in Sources */,
				3E2F1465BFB74A418E1B953D /* TcpSession.cpp in Sources */,
				4ED6FE48EBBF480FB08A24DA /* UdpClient.cpp in Sources */,
				EFFE89399FE642FAB8DCE51B /* UdpServer.cpp in Sources */,
				AF6B1E81EFB447DD89FB0A12 /* UdpSession.cpp in Sources */,
				CAD8952912B5477AA81F9757 /* WaitTimer.cpp in Sources */,
				B3D7B36F1B7EBE440007C7D5 /* Protocol.cpp in Sources */,
			);
			runOnlyForDeploymentPostprocessing = 0;
		};
		B3D7B3741B7F4F050007C7D5 /* Sources */ = {
			isa = PBXSourcesBuildPhase;
			buildActionMask = 2147483647;
			files = (
				B3D7B3751B7F4F050007C7D5 /* BouncingBallApp.cpp in Sources */,
				B3D7B3761B7F4F050007C7D5 /* ClientInterface.cpp in Sources */,
				B3D7B3771B7F4F050007C7D5 /* DispatcherInterface.cpp in Sources */,
				B3D7B3781B7F4F050007C7D5 /* ServerInterface.cpp in Sources */,
				B3D7B3791B7F4F050007C7D5 /* Client.cpp in Sources */,
				B3D7B37A1B7F4F050007C7D5 /* SessionInterface.cpp in Sources */,
				B3D7B37B1B7F4F050007C7D5 /* TcpClient.cpp in Sources */,
				B3D7B37C1B7F4F050007C7D5 /* Server.cpp in Sources */,
				B3D7B37D1B7F4F050007C7D5 /* TcpServer.cpp in Sources */,
				B3D7B37E1B7F4F050007C7D5 /* TcpSession.cpp in Sources */,
				B3D7B37F1B7F4F050007C7D5 /* UdpClient.cpp in Sources */,
				B3D7B3801B7F4F050007C7D5 /* UdpServer.cpp in Sources */,
				B3D7B3811B7F4F050007C7D5 /* UdpSession.cpp in Sources */,
				B3D7B3821B7F4F050007C7D5 /* WaitTimer.cpp in Sources */,
				B3D7B3831B7F4F050007C7D5 /* Protocol.cpp in Sources */,
			);
			runOnlyForDeploymentPostprocessing = 0;
		};
		B3D7B3981B7F4F100007C7D5 /* Sources */ = {
			isa = PBXSourcesBuildPhase;
			buildActionMask = 2147483647;
			files = (
				B3D7B3991B7F4F100007C7D5 /* BouncingBallApp.cpp in Sources */,
				B3D7B39A1B7F4F100007C7D5 /* ClientInterface.cpp in Sources */,
				B3D7B39B1B7F4F100007C7D5 /* DispatcherInterface.cpp in Sources */,
				B3D7B39C1B7F4F100007C7D5 /* ServerInterface.cpp in Sources */,
				B3D7B39D1B7F4F100007C7D5 /* Client.cpp in Sources */,
				B3D7B39E1B7F4F100007C7D5 /* SessionInterface.cpp in Sources */,
				B3D7B39F1B7F4F100007C7D5 /* TcpClient.cpp in Sources */,
				B3D7B3A01B7F4F100007C7D5 /* Server.cpp in Sources */,
				B3D7B3A11B7F4F100007C7D5 /* TcpServer.cpp in Sources */,
				B3D7B3A21B7F4F100007C7D5 /* TcpSession.cpp in Sources */,
				B3D7B3A31B7F4F100007C7D5 /* UdpClient.cpp in Sources */,
				B3D7B3A41B7F4F100007C7D5 /* UdpServer.cpp in Sources */,
				B3D7B3A51B7F4F100007C7D5 /* UdpSession.cpp in Sources */,
				B3D7B3A61B7F4F100007C7D5 /* WaitTimer.cpp in Sources */,
				B3D7B3A71B7F4F100007C7D5 /* Protocol.cpp in Sources */,
			);
			runOnlyForDeploymentPostprocessing = 0;
		};
/* End PBXSourcesBuildPhase section */

/* Begin XCBuildConfiguration section */
		B3D7B3911B7F4F050007C7D5 /* Debug */ = {
			isa = XCBuildConfiguration;
			buildSettings = {
				COMBINE_HIDPI_IMAGES = YES;
				COPY_PHASE_STRIP = NO;
				DEAD_CODE_STRIPPING = YES;
				GCC_DYNAMIC_NO_PIC = NO;
				GCC_INLINES_ARE_PRIVATE_EXTERN = YES;
				GCC_OPTIMIZATION_LEVEL = 0;
				GCC_PRECOMPILE_PREFIX_HEADER = YES;
				GCC_PREFIX_HEADER = BouncingBall_Prefix.pch;
				GCC_PREPROCESSOR_DEFINITIONS = (
					"DEBUG=1",
					"$(inherited)",
					"CLIENT_ID=1",
				);
				GCC_SYMBOLS_PRIVATE_EXTERN = NO;
				INFOPLIST_FILE = "BouncingBall0 copy-Info.plist";
				INSTALL_PATH = "$(HOME)/Applications";
				OTHER_LDFLAGS = "\"$(CINDER_PATH)/lib/libcinder_d.a\"";
				PRODUCT_BUNDLE_IDENTIFIER = "org.libcinder.${PRODUCT_NAME:rfc1034identifier}";
				PRODUCT_NAME = "BouncingBall0 copy";
				SYMROOT = ./build;
				WRAPPER_EXTENSION = app;
			};
			name = Debug;
		};
		B3D7B3921B7F4F050007C7D5 /* Release */ = {
			isa = XCBuildConfiguration;
			buildSettings = {
				COMBINE_HIDPI_IMAGES = YES;
				DEAD_CODE_STRIPPING = YES;
				DEBUG_INFORMATION_FORMAT = "dwarf-with-dsym";
				GCC_FAST_MATH = YES;
				GCC_GENERATE_DEBUGGING_SYMBOLS = NO;
				GCC_INLINES_ARE_PRIVATE_EXTERN = YES;
				GCC_OPTIMIZATION_LEVEL = 3;
				GCC_PRECOMPILE_PREFIX_HEADER = YES;
				GCC_PREFIX_HEADER = BouncingBall_Prefix.pch;
				GCC_PREPROCESSOR_DEFINITIONS = (
					"NDEBUG=1",
					"$(inherited)",
					"CLIENT_ID=1",
				);
				GCC_SYMBOLS_PRIVATE_EXTERN = NO;
				INFOPLIST_FILE = "BouncingBall0 copy-Info.plist";
				INSTALL_PATH = "$(HOME)/Applications";
				OTHER_LDFLAGS = "\"$(CINDER_PATH)/lib/libcinder.a\"";
				PRODUCT_BUNDLE_IDENTIFIER = "org.libcinder.${PRODUCT_NAME:rfc1034identifier}";
				PRODUCT_NAME = "BouncingBall0 copy";
				STRIP_INSTALLED_PRODUCT = YES;
				SYMROOT = ./build;
				WRAPPER_EXTENSION = app;
			};
			name = Release;
		};
		B3D7B3B51B7F4F100007C7D5 /* Debug */ = {
			isa = XCBuildConfiguration;
			buildSettings = {
				COMBINE_HIDPI_IMAGES = YES;
				COPY_PHASE_STRIP = NO;
				DEAD_CODE_STRIPPING = YES;
				GCC_DYNAMIC_NO_PIC = NO;
				GCC_INLINES_ARE_PRIVATE_EXTERN = YES;
				GCC_OPTIMIZATION_LEVEL = 0;
				GCC_PRECOMPILE_PREFIX_HEADER = YES;
				GCC_PREFIX_HEADER = BouncingBall_Prefix.pch;
				GCC_PREPROCESSOR_DEFINITIONS = (
					"DEBUG=1",
					"$(inherited)",
					"CLIENT_ID=2",
				);
				GCC_SYMBOLS_PRIVATE_EXTERN = NO;
				INFOPLIST_FILE = "BouncingBall1 copy-Info.plist";
				INSTALL_PATH = "$(HOME)/Applications";
				OTHER_LDFLAGS = "\"$(CINDER_PATH)/lib/libcinder_d.a\"";
				PRODUCT_BUNDLE_IDENTIFIER = "org.libcinder.${PRODUCT_NAME:rfc1034identifier}";
				PRODUCT_NAME = "BouncingBall1 copy";
				SYMROOT = ./build;
				WRAPPER_EXTENSION = app;
			};
			name = Debug;
		};
		B3D7B3B61B7F4F100007C7D5 /* Release */ = {
			isa = XCBuildConfiguration;
			buildSettings = {
				COMBINE_HIDPI_IMAGES = YES;
				DEAD_CODE_STRIPPING = YES;
				DEBUG_INFORMATION_FORMAT = "dwarf-with-dsym";
				GCC_FAST_MATH = YES;
				GCC_GENERATE_DEBUGGING_SYMBOLS = NO;
				GCC_INLINES_ARE_PRIVATE_EXTERN = YES;
				GCC_OPTIMIZATION_LEVEL = 3;
				GCC_PRECOMPILE_PREFIX_HEADER = YES;
				GCC_PREFIX_HEADER = BouncingBall_Prefix.pch;
				GCC_PREPROCESSOR_DEFINITIONS = (
					"NDEBUG=1",
					"$(inherited)",
					"CLIENT_ID=2",
				);
				GCC_SYMBOLS_PRIVATE_EXTERN = NO;
				INFOPLIST_FILE = "BouncingBall1 copy-Info.plist";
				INSTALL_PATH = "$(HOME)/Applications";
				OTHER_LDFLAGS = "\"$(CINDER_PATH)/lib/libcinder.a\"";
				PRODUCT_BUNDLE_IDENTIFIER = "org.libcinder.${PRODUCT_NAME:rfc1034identifier}";
				PRODUCT_NAME = "BouncingBall1 copy";
				STRIP_INSTALLED_PRODUCT = YES;
				SYMROOT = ./build;
				WRAPPER_EXTENSION = app;
			};
			name = Release;
		};
		C01FCF4B08A954540054247B /* Debug */ = {
			isa = XCBuildConfiguration;
			buildSettings = {
				COMBINE_HIDPI_IMAGES = YES;
				COPY_PHASE_STRIP = NO;
				DEAD_CODE_STRIPPING = YES;
				GCC_DYNAMIC_NO_PIC = NO;
				GCC_INLINES_ARE_PRIVATE_EXTERN = YES;
				GCC_OPTIMIZATION_LEVEL = 0;
				GCC_PRECOMPILE_PREFIX_HEADER = YES;
				GCC_PREFIX_HEADER = BouncingBall_Prefix.pch;
				GCC_PREPROCESSOR_DEFINITIONS = (
					"DEBUG=1",
					"$(inherited)",
					"CLIENT_ID=0",
				);
				GCC_SYMBOLS_PRIVATE_EXTERN = NO;
				INFOPLIST_FILE = Info.plist;
				INSTALL_PATH = "$(HOME)/Applications";
				OTHER_LDFLAGS = "\"$(CINDER_PATH)/lib/libcinder_d.a\"";
				PRODUCT_BUNDLE_IDENTIFIER = "org.libcinder.${PRODUCT_NAME:rfc1034identifier}";
				PRODUCT_NAME = BouncingBall;
				SYMROOT = ./build;
				WRAPPER_EXTENSION = app;
			};
			name = Debug;
		};
		C01FCF4C08A954540054247B /* Release */ = {
			isa = XCBuildConfiguration;
			buildSettings = {
				COMBINE_HIDPI_IMAGES = YES;
				DEAD_CODE_STRIPPING = YES;
				DEBUG_INFORMATION_FORMAT = "dwarf-with-dsym";
				GCC_FAST_MATH = YES;
				GCC_GENERATE_DEBUGGING_SYMBOLS = NO;
				GCC_INLINES_ARE_PRIVATE_EXTERN = YES;
				GCC_OPTIMIZATION_LEVEL = 3;
				GCC_PRECOMPILE_PREFIX_HEADER = YES;
				GCC_PREFIX_HEADER = BouncingBall_Prefix.pch;
				GCC_PREPROCESSOR_DEFINITIONS = (
					"NDEBUG=1",
					"$(inherited)",
					"CLIENT_ID=0",
				);
				GCC_SYMBOLS_PRIVATE_EXTERN = NO;
				INFOPLIST_FILE = Info.plist;
				INSTALL_PATH = "$(HOME)/Applications";
				OTHER_LDFLAGS = "\"$(CINDER_PATH)/lib/libcinder.a\"";
				PRODUCT_BUNDLE_IDENTIFIER = "org.libcinder.${PRODUCT_NAME:rfc1034identifier}";
				PRODUCT_NAME = BouncingBall;
				STRIP_INSTALLED_PRODUCT = YES;
				SYMROOT = ./build;
				WRAPPER_EXTENSION = app;
			};
			name = Release;
		};
		C01FCF4F08A954540054247B /* Debug */ = {
			isa = XCBuildConfiguration;
			buildSettings = {
				ALWAYS_SEARCH_USER_PATHS = NO;
				CINDER_PATH = ../../../../..;
				CLANG_CXX_LANGUAGE_STANDARD = "c++14";
				CLANG_CXX_LIBRARY = "libc++";
				ENABLE_TESTABILITY = YES;
				GCC_WARN_ABOUT_RETURN_TYPE = YES;
				GCC_WARN_UNUSED_VARIABLE = YES;
				HEADER_SEARCH_PATHS = "\"$(CINDER_PATH)/include\"";
				MACOSX_DEPLOYMENT_TARGET = 10.8;
				ONLY_ACTIVE_ARCH = YES;
				SDKROOT = macosx;
				USER_HEADER_SEARCH_PATHS = "\"$(CINDER_PATH)/include\" ../include \"../../../../Cinder-Asio/src\"";
			};
			name = Debug;
		};
		C01FCF5008A954540054247B /* Release */ = {
			isa = XCBuildConfiguration;
			buildSettings = {
				ALWAYS_SEARCH_USER_PATHS = NO;
				CINDER_PATH = ../../../../..;
				CLANG_CXX_LANGUAGE_STANDARD = "c++14";
				CLANG_CXX_LIBRARY = "libc++";
				GCC_WARN_ABOUT_RETURN_TYPE = YES;
				GCC_WARN_UNUSED_VARIABLE = YES;
				HEADER_SEARCH_PATHS = "\"$(CINDER_PATH)/include\"";
				MACOSX_DEPLOYMENT_TARGET = 10.8;
				SDKROOT = macosx;
				USER_HEADER_SEARCH_PATHS = "\"$(CINDER_PATH)/include\" ../include \"../../../../Cinder-Asio/src\"";
			};
			name = Release;
		};
/* End XCBuildConfiguration section */

/* Begin XCConfigurationList section */
		B3D7B3901B7F4F050007C7D5 /* Build configuration list for PBXNativeTarget "BouncingBall1" */ = {
			isa = XCConfigurationList;
			buildConfigurations = (
				B3D7B3911B7F4F050007C7D5 /* Debug */,
				B3D7B3921B7F4F050007C7D5 /* Release */,
			);
			defaultConfigurationIsVisible = 0;
			defaultConfigurationName = Release;
		};
		B3D7B3B41B7F4F100007C7D5 /* Build configuration list for PBXNativeTarget "BouncingBall2" */ = {
			isa = XCConfigurationList;
			buildConfigurations = (
				B3D7B3B51B7F4F100007C7D5 /* Debug */,
				B3D7B3B61B7F4F100007C7D5 /* Release */,
			);
			defaultConfigurationIsVisible = 0;
			defaultConfigurationName = Release;
		};
		C01FCF4A08A954540054247B /* Build configuration list for PBXNativeTarget "BouncingBall0" */ = {
			isa = XCConfigurationList;
			buildConfigurations = (
				C01FCF4B08A954540054247B /* Debug */,
				C01FCF4C08A954540054247B /* Release */,
			);
			defaultConfigurationIsVisible = 0;
			defaultConfigurationName = Release;
		};
		C01FCF4E08A954540054247B /* Build configuration list for PBXProject "BouncingBall" */ = {
			isa = XCConfigurationList;
			buildConfigurations = (
				C01FCF4F08A954540054247B /* Debug */,
				C01FCF5008A954540054247B /* Release */,
			);
			defaultConfigurationIsVisible = 0;
			defaultConfigurationName = Release;
		};
/* End XCConfigurationList section */
	};
	rootObject = 29B97313FDCFA39411CA2CEA /* Project object */;
}
