<Project ToolsVersion="4.0" xmlns="http://schemas.microsoft.com/developer/msbuild/2003">
  <ItemGroup>
    <Filter Include="Source Files">
      <UniqueIdentifier>{4FC737F1-C7A5-4376-A066-2A32D752A2FF}</UniqueIdentifier>
      <Extensions>cpp;c;cc;cxx;def;odl;idl;hpj;bat;asm;asmx</Extensions>
    </Filter>
    <Filter Include="Header Files">
      <UniqueIdentifier>{93995380-89BD-4b04-88EB-625FBE52EBFB}</UniqueIdentifier>
      <Extensions>h;hpp;hxx;hm;inl;inc;xsd</Extensions>
    </Filter>
    <Filter Include="Resource Files">
      <UniqueIdentifier>{67DA6AB6-F800-4c08-8B7A-83BB121AAD01}</UniqueIdentifier>
      <Extensions>rc;ico;cur;bmp;dlg;rc2;rct;bin;rgs;gif;jpg;jpeg;jpe;resx;tiff;tif;png;wav</Extensions>
    </Filter>
    <Filter Include="Blocks">
      <UniqueIdentifier>{18580C4E-4775-46CD-BC0E-766517CE51CC}</UniqueIdentifier>
    </Filter>
    <Filter Include="Blocks\Asio">
      <UniqueIdentifier>{A1745CC5-7296-45C3-B960-E0986180A21B}</UniqueIdentifier>
    </Filter>
    <Filter Include="Blocks\Asio\src">
      <UniqueIdentifier>{9054334C-F9C6-4C21-B84B-97BDB4DBB551}</UniqueIdentifier>
    </Filter>
  </ItemGroup>
  <ItemGroup>
    <ClCompile Include="..\src\BouncingBallApp.cpp">
      <Filter>Source Files</Filter>
    </ClCompile>
    <ClCompile Include="..\src\BouncingBallApp.cpp">
      <Filter>Source Files</Filter>
    </ClCompile>
    <ClInclude Include="..\include\Resources.h">
      <Filter>Header Files</Filter>
    </ClInclude>
    <ClCompile Include="..\..\..\..\Cinder-Asio\src\ClientInterface.cpp">
      <Filter>Blocks\Asio\src</Filter>
    </ClCompile>
    <ClCompile Include="..\..\..\..\Cinder-Asio\src\DispatcherInterface.cpp">
      <Filter>Blocks\Asio\src</Filter>
    </ClCompile>
    <ClCompile Include="..\..\..\..\Cinder-Asio\src\ServerInterface.cpp">
      <Filter>Blocks\Asio\src</Filter>
    </ClCompile>
    <ClCompile Include="..\..\..\..\Cinder-Asio\src\SessionInterface.cpp">
      <Filter>Blocks\Asio\src</Filter>
    </ClCompile>
    <ClCompile Include="..\..\..\..\Cinder-Asio\src\TcpClient.cpp">
      <Filter>Blocks\Asio\src</Filter>
    </ClCompile>
    <ClCompile Include="..\..\..\..\Cinder-Asio\src\TcpServer.cpp">
      <Filter>Blocks\Asio\src</Filter>
    </ClCompile>
    <ClCompile Include="..\..\..\..\Cinder-Asio\src\TcpSession.cpp">
      <Filter>Blocks\Asio\src</Filter>
    </ClCompile>
    <ClCompile Include="..\..\..\..\Cinder-Asio\src\UdpClient.cpp">
      <Filter>Blocks\Asio\src</Filter>
    </ClCompile>
    <ClCompile Include="..\..\..\..\Cinder-Asio\src\UdpServer.cpp">
      <Filter>Blocks\Asio\src</Filter>
    </ClCompile>
    <ClCompile Include="..\..\..\..\Cinder-Asio\src\UdpSession.cpp">
      <Filter>Blocks\Asio\src</Filter>
    </ClCompile>
    <ClCompile Include="..\..\..\..\Cinder-Asio\src\WaitTimer.cpp">
      <Filter>Blocks\Asio\src</Filter>
    </ClCompile>
    <ClInclude Include="..\..\..\..\Cinder-Asio\src\CinderAsio.h">
      <Filter>Blocks\Asio\src</Filter>
    </ClInclude>
    <ClInclude Include="..\..\..\..\Cinder-Asio\src\ClientEventHandlerInterface.h">
      <Filter>Blocks\Asio\src</Filter>
    </ClInclude>
    <ClInclude Include="..\..\..\..\Cinder-Asio\src\ClientInterface.h">
      <Filter>Blocks\Asio\src</Filter>
    </ClInclude>
    <ClInclude Include="..\..\..\..\Cinder-Asio\src\DispatcherEventHandlerInterface.h">
      <Filter>Blocks\Asio\src</Filter>
    </ClInclude>
    <ClInclude Include="..\..\..\..\Cinder-Asio\src\DispatcherInterface.h">
      <Filter>Blocks\Asio\src</Filter>
    </ClInclude>
    <ClInclude Include="..\..\..\..\Cinder-Asio\src\ServerEventHandlerInterface.h">
      <Filter>Blocks\Asio\src</Filter>
    </ClInclude>
    <ClInclude Include="..\..\..\..\Cinder-Asio\src\ServerInterface.h">
      <Filter>Blocks\Asio\src</Filter>
    </ClInclude>
    <ClInclude Include="..\..\..\..\Cinder-Asio\src\SessionEventHandlerInterface.h">
      <Filter>Blocks\Asio\src</Filter>
    </ClInclude>
    <ClInclude Include="..\..\..\..\Cinder-Asio\src\SessionInterface.h">
      <Filter>Blocks\Asio\src</Filter>
    </ClInclude>
    <ClInclude Include="..\..\..\..\Cinder-Asio\src\TcpClient.h">
      <Filter>Blocks\Asio\src</Filter>
    </ClInclude>
    <ClInclude Include="..\..\..\..\Cinder-Asio\src\TcpClientEventHandlerInterface.h">
      <Filter>Blocks\Asio\src</Filter>
    </ClInclude>
    <ClInclude Include="..\..\..\..\Cinder-Asio\src\TcpServer.h">
      <Filter>Blocks\Asio\src</Filter>
    </ClInclude>
    <ClInclude Include="..\..\..\..\Cinder-Asio\src\TcpServerEventHandlerInterface.h">
      <Filter>Blocks\Asio\src</Filter>
    </ClInclude>
    <ClInclude Include="..\..\..\..\Cinder-Asio\src\TcpSession.h">
      <Filter>Blocks\Asio\src</Filter>
    </ClInclude>
    <ClInclude Include="..\..\..\..\Cinder-Asio\src\TcpSessionEventHandlerInterface.h">
      <Filter>Blocks\Asio\src</Filter>
    </ClInclude>
    <ClInclude Include="..\..\..\..\Cinder-Asio\src\UdpClient.h">
      <Filter>Blocks\Asio\src</Filter>
    </ClInclude>
    <ClInclude Include="..\..\..\..\Cinder-Asio\src\UdpClientEventHandlerInterface.h">
      <Filter>Blocks\Asio\src</Filter>
    </ClInclude>
    <ClInclude Include="..\..\..\..\Cinder-Asio\src\UdpServer.h">
      <Filter>Blocks\Asio\src</Filter>
    </ClInclude>
    <ClInclude Include="..\..\..\..\Cinder-Asio\src\UdpServerEventHandlerInterface.h">
      <Filter>Blocks\Asio\src</Filter>
    </ClInclude>
    <ClInclude Include="..\..\..\..\Cinder-Asio\src\UdpSession.h">
      <Filter>Blocks\Asio\src</Filter>
    </ClInclude>
    <ClInclude Include="..\..\..\..\Cinder-Asio\src\UdpSessionEventHandlerInterface.h">
      <Filter>Blocks\Asio\src</Filter>
    </ClInclude>
    <ClInclude Include="..\..\..\..\Cinder-Asio\src\WaitTimer.h">
      <Filter>Blocks\Asio\src</Filter>
    </ClInclude>
    <ClInclude Include="..\..\..\..\Cinder-Asio\src\WaitTimerEventHandlerInterface.h">
      <Filter>Blocks\Asio\src</Filter>
    </ClInclude>
  </ItemGroup>
  <ItemGroup>
    <ClInclude Include="..\include\Resources.h">
      <Filter>Header Files</Filter>
    </ClInclude>
  </ItemGroup>
  <ItemGroup>
    <ResourceCompile Include="Resources.rc">
      <Filter>Resource Files</Filter>
    </ResourceCompile>
  </ItemGroup>
</Project>
